
Microsoft Visual Studio Solution File, Format Version 12.00
# Visual Studio Version 16
VisualStudioVersion = 16.0.810.14
MinimumVisualStudioVersion = 10.0.40219.1
Project("{FAE04EC0-301F-11D3-BF4B-00C04F79EFBC}") = "DSS_MVC", "DSS_MVC\DSS_MVC.csproj", "{260848F5-6DC3-4639-B609-A22303FACA72}"
EndProject
Global
	GlobalSection(SolutionConfigurationPlatforms) = preSolution
		Debug|Any CPU = Debug|Any CPU
		Release|Any CPU = Release|Any CPU
	EndGlobalSection
	GlobalSection(ProjectConfigurationPlatforms) = postSolution
		{260848F5-6DC3-4639-B609-A22303FACA72}.Debug|Any CPU.ActiveCfg = Debug|Any CPU
		{260848F5-6DC3-4639-B609-A22303FACA72}.Debug|Any CPU.Build.0 = Debug|Any CPU
		{260848F5-6DC3-4639-B609-A22303FACA72}.Release|Any CPU.ActiveCfg = Release|Any CPU
		{260848F5-6DC3-4639-B609-A22303FACA72}.Release|Any CPU.Build.0 = Release|Any CPU
	EndGlobalSection
	GlobalSection(SolutionProperties) = preSolution
		HideSolutionNode = FALSE
	EndGlobalSection
	GlobalSection(ExtensibilityGlobals) = postSolution
		SolutionGuid = {AF79115E-7289-4E0C-8055-D156240E5A47}
	EndGlobalSection
EndGlobal
